
Microsoft Visual Studio Solution File, Format Version 12.00
# Visual Studio Version 17
VisualStudioVersion = 17.4.33213.308
MinimumVisualStudioVersion = 10.0.40219.1
Project("{2150E333-8FDC-42A3-9474-1A3956D46DE8}") = "src", "src", "{8ABDF69A-9765-4972-941A-4DCA900E9CE3}"
EndProject
Project("{2150E333-8FDC-42A3-9474-1A3956D46DE8}") = "Core", "Core", "{BDF3FA1C-63C1-46BA-9218-046A5A96895A}"
EndProject
Project("{2150E333-8FDC-42A3-9474-1A3956D46DE8}") = "Application", "Application", "{07A1A6A4-5D54-4058-97C5-AD0FC9339B89}"
EndProject
Project("{9A19103F-16F7-4668-BE54-9A1E7A4F7556}") = "OnlineCourse.Application", "src\Core\Application\OnlineCourse.Application\OnlineCourse.Application.csproj", "{1C407727-35A1-4223-80B2-9B897633ABB6}"
EndProject
Project("{2150E333-8FDC-42A3-9474-1A3956D46DE8}") = "Domain", "Domain", "{1203A3E3-327B-4AE9-AB42-12C87A36CF40}"
EndProject
Project("{9A19103F-16F7-4668-BE54-9A1E7A4F7556}") = "OnlineCourse.Domain", "src\Core\Domain\OnlineCourse.Domain\OnlineCourse.Domain.csproj", "{624EBE2E-CA61-4A94-AEA1-5614BD43C6A6}"
EndProject
Project("{2150E333-8FDC-42A3-9474-1A3956D46DE8}") = "Persistence", "Persistence", "{2038CD06-5300-4043-AC84-D2F3588F7C1A}"
EndProject
Project("{9A19103F-16F7-4668-BE54-9A1E7A4F7556}") = "OnlineCourse.Persistence.Repository", "src\Core\Persistence\OnlineCourse.Persistence.Repository\OnlineCourse.Persistence.Repository.csproj", "{8AB6CE32-299B-4E0F-8C31-B54AC84CBB75}"
EndProject
Project("{9A19103F-16F7-4668-BE54-9A1E7A4F7556}") = "OnlineCourse.Persistence.Repository.EfCore", "src\Core\Persistence\OnlineCourse.Persistence.Repository.EfCore\OnlineCourse.Persistence.Repository.EfCore.csproj", "{E24FAB3C-B419-44EA-9EAF-7AEE450E59E5}"
EndProject
Project("{2150E333-8FDC-42A3-9474-1A3956D46DE8}") = "WebApi", "WebApi", "{2F385BAF-15C9-43CD-91F6-E0497E2CA8F8}"
EndProject
Project("{9A19103F-16F7-4668-BE54-9A1E7A4F7556}") = "OnlineCourse.WebApi", "src\Core\WebApi\OnlineCourse.WebApi\OnlineCourse.WebApi.csproj", "{DBBFEB0A-6769-4D41-B3B1-14CB384E781B}"
EndProject
Project("{2150E333-8FDC-42A3-9474-1A3956D46DE8}") = "Services", "Services", "{C150241B-CE67-4709-9EF5-4B69354C23BD}"
EndProject
Project("{2150E333-8FDC-42A3-9474-1A3956D46DE8}") = "CourseProgram", "CourseProgram", "{7E8182A2-684E-4EED-8C38-D7DBD7D9A5BD}"
EndProject
Project("{2150E333-8FDC-42A3-9474-1A3956D46DE8}") = "Core", "Core", "{4E906287-AC38-4A51-8DD0-C294C076F553}"
EndProject
Project("{2150E333-8FDC-42A3-9474-1A3956D46DE8}") = "Infrastructure", "Infrastructure", "{BF04F9B0-B0CD-4568-8717-3B1A2A24BA7D}"
EndProject
Project("{2150E333-8FDC-42A3-9474-1A3956D46DE8}") = "WebApi", "WebApi", "{2F8FD27F-C527-4DD2-A55C-B5A6D5982957}"
EndProject
Project("{9A19103F-16F7-4668-BE54-9A1E7A4F7556}") = "OnlineCourse.CourseProgram.Domain", "src\Services\CourseProgram\Core\OnlineCourse.CourseProgram.Domain\OnlineCourse.CourseProgram.Domain.csproj", "{679666BC-3C89-4A63-AF7A-DA8633D4F4F4}"
EndProject
Project("{9A19103F-16F7-4668-BE54-9A1E7A4F7556}") = "OnlineCourse.CourseProgram.Application", "src\Services\CourseProgram\Core\OnlineCourse.CourseProgram.Application\OnlineCourse.CourseProgram.Application.csproj", "{D87F98B4-89A7-4A17-8BD1-BD4F75685917}"
EndProject
Project("{9A19103F-16F7-4668-BE54-9A1E7A4F7556}") = "OnlineCourse.CourseProgram.Persistence", "src\Services\CourseProgram\Infrastructure\OnlineCourse.CourseProgram.Persistence\OnlineCourse.CourseProgram.Persistence.csproj", "{AC4AF9F8-EA53-4E29-A133-466E6F8DAC8F}"
EndProject
Project("{9A19103F-16F7-4668-BE54-9A1E7A4F7556}") = "OnlineCourse.CourseProgram.WebApi", "src\Services\CourseProgram\WebApi\OnlineCourse.CourseProgram.WebApi\OnlineCourse.CourseProgram.WebApi.csproj", "{40CA60AC-EC3B-447C-A50A-E2C2E6114C70}"
EndProject
Project("{9A19103F-16F7-4668-BE54-9A1E7A4F7556}") = "OnlineCourse.CourseProgram.Caching", "src\Core\Persistence\OnlineCourse.CourseProgram.Caching\OnlineCourse.CourseProgram.Caching.csproj", "{EB55CA8D-1D43-4EC7-B319-A9788F6871F8}"
EndProject
Project("{E53339B2-1760-4266-BCC7-CA923CBCF16C}") = "docker-compose", "docker-compose.dcproj", "{B4DE7927-23D2-4114-ACF2-CD234F544506}"
EndProject
Project("{2150E333-8FDC-42A3-9474-1A3956D46DE8}") = "Gateway", "Gateway", "{51D288A8-7049-4E1F-B0F4-A7680C80BAD8}"
EndProject
Project("{FAE04EC0-301F-11D3-BF4B-00C04F79EFBC}") = "OnlineCourse.CourseProgram.OcelotApi", "src\Services\Gateway\OnlineCourse.CourseProgram.OcelotApi\OnlineCourse.CourseProgram.OcelotApi.csproj", "{E8B206EB-5608-4DE3-8C1D-277513FA277E}"
EndProject
Global
	GlobalSection(SolutionConfigurationPlatforms) = preSolution
		Debug|Any CPU = Debug|Any CPU
		Release|Any CPU = Release|Any CPU
	EndGlobalSection
	GlobalSection(ProjectConfigurationPlatforms) = postSolution
		{1C407727-35A1-4223-80B2-9B897633ABB6}.Debug|Any CPU.ActiveCfg = Debug|Any CPU
		{1C407727-35A1-4223-80B2-9B897633ABB6}.Debug|Any CPU.Build.0 = Debug|Any CPU
		{1C407727-35A1-4223-80B2-9B897633ABB6}.Release|Any CPU.ActiveCfg = Release|Any CPU
		{1C407727-35A1-4223-80B2-9B897633ABB6}.Release|Any CPU.Build.0 = Release|Any CPU
		{624EBE2E-CA61-4A94-AEA1-5614BD43C6A6}.Debug|Any CPU.ActiveCfg = Debug|Any CPU
		{624EBE2E-CA61-4A94-AEA1-5614BD43C6A6}.Debug|Any CPU.Build.0 = Debug|Any CPU
		{624EBE2E-CA61-4A94-AEA1-5614BD43C6A6}.Release|Any CPU.ActiveCfg = Release|Any CPU
		{624EBE2E-CA61-4A94-AEA1-5614BD43C6A6}.Release|Any CPU.Build.0 = Release|Any CPU
		{8AB6CE32-299B-4E0F-8C31-B54AC84CBB75}.Debug|Any CPU.ActiveCfg = Debug|Any CPU
		{8AB6CE32-299B-4E0F-8C31-B54AC84CBB75}.Debug|Any CPU.Build.0 = Debug|Any CPU
		{8AB6CE32-299B-4E0F-8C31-B54AC84CBB75}.Release|Any CPU.ActiveCfg = Release|Any CPU
		{8AB6CE32-299B-4E0F-8C31-B54AC84CBB75}.Release|Any CPU.Build.0 = Release|Any CPU
		{E24FAB3C-B419-44EA-9EAF-7AEE450E59E5}.Debug|Any CPU.ActiveCfg = Debug|Any CPU
		{E24FAB3C-B419-44EA-9EAF-7AEE450E59E5}.Debug|Any CPU.Build.0 = Debug|Any CPU
		{E24FAB3C-B419-44EA-9EAF-7AEE450E59E5}.Release|Any CPU.ActiveCfg = Release|Any CPU
		{E24FAB3C-B419-44EA-9EAF-7AEE450E59E5}.Release|Any CPU.Build.0 = Release|Any CPU
		{DBBFEB0A-6769-4D41-B3B1-14CB384E781B}.Debug|Any CPU.ActiveCfg = Debug|Any CPU
		{DBBFEB0A-6769-4D41-B3B1-14CB384E781B}.Debug|Any CPU.Build.0 = Debug|Any CPU
		{DBBFEB0A-6769-4D41-B3B1-14CB384E781B}.Release|Any CPU.ActiveCfg = Release|Any CPU
		{DBBFEB0A-6769-4D41-B3B1-14CB384E781B}.Release|Any CPU.Build.0 = Release|Any CPU
		{679666BC-3C89-4A63-AF7A-DA8633D4F4F4}.Debug|Any CPU.ActiveCfg = Debug|Any CPU
		{679666BC-3C89-4A63-AF7A-DA8633D4F4F4}.Debug|Any CPU.Build.0 = Debug|Any CPU
		{679666BC-3C89-4A63-AF7A-DA8633D4F4F4}.Release|Any CPU.ActiveCfg = Release|Any CPU
		{679666BC-3C89-4A63-AF7A-DA8633D4F4F4}.Release|Any CPU.Build.0 = Release|Any CPU
		{D87F98B4-89A7-4A17-8BD1-BD4F75685917}.Debug|Any CPU.ActiveCfg = Debug|Any CPU
		{D87F98B4-89A7-4A17-8BD1-BD4F75685917}.Debug|Any CPU.Build.0 = Debug|Any CPU
		{D87F98B4-89A7-4A17-8BD1-BD4F75685917}.Release|Any CPU.ActiveCfg = Release|Any CPU
		{D87F98B4-89A7-4A17-8BD1-BD4F75685917}.Release|Any CPU.Build.0 = Release|Any CPU
		{AC4AF9F8-EA53-4E29-A133-466E6F8DAC8F}.Debug|Any CPU.ActiveCfg = Debug|Any CPU
		{AC4AF9F8-EA53-4E29-A133-466E6F8DAC8F}.Debug|Any CPU.Build.0 = Debug|Any CPU
		{AC4AF9F8-EA53-4E29-A133-466E6F8DAC8F}.Release|Any CPU.ActiveCfg = Release|Any CPU
		{AC4AF9F8-EA53-4E29-A133-466E6F8DAC8F}.Release|Any CPU.Build.0 = Release|Any CPU
		{40CA60AC-EC3B-447C-A50A-E2C2E6114C70}.Debug|Any CPU.ActiveCfg = Debug|Any CPU
		{40CA60AC-EC3B-447C-A50A-E2C2E6114C70}.Debug|Any CPU.Build.0 = Debug|Any CPU
		{40CA60AC-EC3B-447C-A50A-E2C2E6114C70}.Release|Any CPU.ActiveCfg = Release|Any CPU
		{40CA60AC-EC3B-447C-A50A-E2C2E6114C70}.Release|Any CPU.Build.0 = Release|Any CPU
		{EB55CA8D-1D43-4EC7-B319-A9788F6871F8}.Debug|Any CPU.ActiveCfg = Debug|Any CPU
		{EB55CA8D-1D43-4EC7-B319-A9788F6871F8}.Debug|Any CPU.Build.0 = Debug|Any CPU
		{EB55CA8D-1D43-4EC7-B319-A9788F6871F8}.Release|Any CPU.ActiveCfg = Release|Any CPU
		{EB55CA8D-1D43-4EC7-B319-A9788F6871F8}.Release|Any CPU.Build.0 = Release|Any CPU
		{B4DE7927-23D2-4114-ACF2-CD234F544506}.Debug|Any CPU.ActiveCfg = Debug|Any CPU
		{B4DE7927-23D2-4114-ACF2-CD234F544506}.Debug|Any CPU.Build.0 = Debug|Any CPU
		{B4DE7927-23D2-4114-ACF2-CD234F544506}.Release|Any CPU.ActiveCfg = Release|Any CPU
		{B4DE7927-23D2-4114-ACF2-CD234F544506}.Release|Any CPU.Build.0 = Release|Any CPU
		{E8B206EB-5608-4DE3-8C1D-277513FA277E}.Debug|Any CPU.ActiveCfg = Debug|Any CPU
		{E8B206EB-5608-4DE3-8C1D-277513FA277E}.Debug|Any CPU.Build.0 = Debug|Any CPU
		{E8B206EB-5608-4DE3-8C1D-277513FA277E}.Release|Any CPU.ActiveCfg = Release|Any CPU
		{E8B206EB-5608-4DE3-8C1D-277513FA277E}.Release|Any CPU.Build.0 = Release|Any CPU
	EndGlobalSection
	GlobalSection(SolutionProperties) = preSolution
		HideSolutionNode = FALSE
	EndGlobalSection
	GlobalSection(NestedProjects) = preSolution
		{BDF3FA1C-63C1-46BA-9218-046A5A96895A} = {8ABDF69A-9765-4972-941A-4DCA900E9CE3}
		{07A1A6A4-5D54-4058-97C5-AD0FC9339B89} = {BDF3FA1C-63C1-46BA-9218-046A5A96895A}
		{1C407727-35A1-4223-80B2-9B897633ABB6} = {07A1A6A4-5D54-4058-97C5-AD0FC9339B89}
		{1203A3E3-327B-4AE9-AB42-12C87A36CF40} = {BDF3FA1C-63C1-46BA-9218-046A5A96895A}
		{624EBE2E-CA61-4A94-AEA1-5614BD43C6A6} = {1203A3E3-327B-4AE9-AB42-12C87A36CF40}
		{2038CD06-5300-4043-AC84-D2F3588F7C1A} = {BDF3FA1C-63C1-46BA-9218-046A5A96895A}
		{8AB6CE32-299B-4E0F-8C31-B54AC84CBB75} = {2038CD06-5300-4043-AC84-D2F3588F7C1A}
		{E24FAB3C-B419-44EA-9EAF-7AEE450E59E5} = {2038CD06-5300-4043-AC84-D2F3588F7C1A}
		{2F385BAF-15C9-43CD-91F6-E0497E2CA8F8} = {BDF3FA1C-63C1-46BA-9218-046A5A96895A}
		{DBBFEB0A-6769-4D41-B3B1-14CB384E781B} = {2F385BAF-15C9-43CD-91F6-E0497E2CA8F8}
		{C150241B-CE67-4709-9EF5-4B69354C23BD} = {8ABDF69A-9765-4972-941A-4DCA900E9CE3}
		{7E8182A2-684E-4EED-8C38-D7DBD7D9A5BD} = {C150241B-CE67-4709-9EF5-4B69354C23BD}
		{4E906287-AC38-4A51-8DD0-C294C076F553} = {7E8182A2-684E-4EED-8C38-D7DBD7D9A5BD}
		{BF04F9B0-B0CD-4568-8717-3B1A2A24BA7D} = {7E8182A2-684E-4EED-8C38-D7DBD7D9A5BD}
		{2F8FD27F-C527-4DD2-A55C-B5A6D5982957} = {7E8182A2-684E-4EED-8C38-D7DBD7D9A5BD}
		{679666BC-3C89-4A63-AF7A-DA8633D4F4F4} = {4E906287-AC38-4A51-8DD0-C294C076F553}
		{D87F98B4-89A7-4A17-8BD1-BD4F75685917} = {4E906287-AC38-4A51-8DD0-C294C076F553}
		{AC4AF9F8-EA53-4E29-A133-466E6F8DAC8F} = {BF04F9B0-B0CD-4568-8717-3B1A2A24BA7D}
		{40CA60AC-EC3B-447C-A50A-E2C2E6114C70} = {2F8FD27F-C527-4DD2-A55C-B5A6D5982957}
		{EB55CA8D-1D43-4EC7-B319-A9788F6871F8} = {2038CD06-5300-4043-AC84-D2F3588F7C1A}
		{51D288A8-7049-4E1F-B0F4-A7680C80BAD8} = {C150241B-CE67-4709-9EF5-4B69354C23BD}
		{E8B206EB-5608-4DE3-8C1D-277513FA277E} = {51D288A8-7049-4E1F-B0F4-A7680C80BAD8}
	EndGlobalSection
	GlobalSection(ExtensibilityGlobals) = postSolution
		SolutionGuid = {72EF0CCA-961B-453F-917B-2DA1C7E95B0A}
	EndGlobalSection
EndGlobal
